
Microsoft Visual Studio Solution File, Format Version 12.00
# Visual Studio 2012
Project("{FAE04EC0-301F-11D3-BF4B-00C04F79EFBC}") = "PUS", "PUS.csproj", "{EAA3413B-FC90-4AA3-9066-70737DEA4C4C}"
EndProject
Project("{FAE04EC0-301F-11D3-BF4B-00C04F79EFBC}") = "PUSUpdater", "..\__PUSUpdater__\PUSUpdater\PUSUpdater.csproj", "{42416D68-6961-4AFF-98C6-B3D58DE361E8}"
EndProject
Global
	GlobalSection(SolutionConfigurationPlatforms) = preSolution
		Debug|Any CPU = Debug|Any CPU
		Debug|Mixed Platforms = Debug|Mixed Platforms
		Debug|x64 = Debug|x64
		Debug|x86 = Debug|x86
		Release Beta|Any CPU = Release Beta|Any CPU
		Release Beta|Mixed Platforms = Release Beta|Mixed Platforms
		Release Beta|x64 = Release Beta|x64
		Release Beta|x86 = Release Beta|x86
		Release|Any CPU = Release|Any CPU
		Release|Mixed Platforms = Release|Mixed Platforms
		Release|x64 = Release|x64
		Release|x86 = Release|x86
	EndGlobalSection
	GlobalSection(ProjectConfigurationPlatforms) = postSolution
		{EAA3413B-FC90-4AA3-9066-70737DEA4C4C}.Debug|Any CPU.ActiveCfg = Debug|Any CPU
		{EAA3413B-FC90-4AA3-9066-70737DEA4C4C}.Debug|Any CPU.Build.0 = Debug|Any CPU
		{EAA3413B-FC90-4AA3-9066-70737DEA4C4C}.Debug|Mixed Platforms.ActiveCfg = Debug|Any CPU
		{EAA3413B-FC90-4AA3-9066-70737DEA4C4C}.Debug|Mixed Platforms.Build.0 = Debug|Any CPU
		{EAA3413B-FC90-4AA3-9066-70737DEA4C4C}.Debug|x64.ActiveCfg = Debug|Any CPU
		{EAA3413B-FC90-4AA3-9066-70737DEA4C4C}.Debug|x86.ActiveCfg = Debug|Any CPU
		{EAA3413B-FC90-4AA3-9066-70737DEA4C4C}.Release Beta|Any CPU.ActiveCfg = Release|Any CPU
		{EAA3413B-FC90-4AA3-9066-70737DEA4C4C}.Release Beta|Any CPU.Build.0 = Release|Any CPU
		{EAA3413B-FC90-4AA3-9066-70737DEA4C4C}.Release Beta|Mixed Platforms.ActiveCfg = Release|Any CPU
		{EAA3413B-FC90-4AA3-9066-70737DEA4C4C}.Release Beta|Mixed Platforms.Build.0 = Release|Any CPU
		{EAA3413B-FC90-4AA3-9066-70737DEA4C4C}.Release Beta|x64.ActiveCfg = Release|Any CPU
		{EAA3413B-FC90-4AA3-9066-70737DEA4C4C}.Release Beta|x86.ActiveCfg = Release|Any CPU
		{EAA3413B-FC90-4AA3-9066-70737DEA4C4C}.Release|Any CPU.ActiveCfg = Release|Any CPU
		{EAA3413B-FC90-4AA3-9066-70737DEA4C4C}.Release|Any CPU.Build.0 = Release|Any CPU
		{EAA3413B-FC90-4AA3-9066-70737DEA4C4C}.Release|Mixed Platforms.ActiveCfg = Release|Any CPU
		{EAA3413B-FC90-4AA3-9066-70737DEA4C4C}.Release|Mixed Platforms.Build.0 = Release|Any CPU
		{EAA3413B-FC90-4AA3-9066-70737DEA4C4C}.Release|x64.ActiveCfg = Release|Any CPU
		{EAA3413B-FC90-4AA3-9066-70737DEA4C4C}.Release|x86.ActiveCfg = Release|Any CPU
		{42416D68-6961-4AFF-98C6-B3D58DE361E8}.Debug|Any CPU.ActiveCfg = Debug|Any CPU
		{42416D68-6961-4AFF-98C6-B3D58DE361E8}.Debug|Any CPU.Build.0 = Debug|Any CPU
		{42416D68-6961-4AFF-98C6-B3D58DE361E8}.Debug|Mixed Platforms.ActiveCfg = Debug|Any CPU
		{42416D68-6961-4AFF-98C6-B3D58DE361E8}.Debug|Mixed Platforms.Build.0 = Debug|Any CPU
		{42416D68-6961-4AFF-98C6-B3D58DE361E8}.Debug|x64.ActiveCfg = Debug|Any CPU
		{42416D68-6961-4AFF-98C6-B3D58DE361E8}.Debug|x86.ActiveCfg = Debug|Any CPU
		{42416D68-6961-4AFF-98C6-B3D58DE361E8}.Release Beta|Any CPU.ActiveCfg = Release|Any CPU
		{42416D68-6961-4AFF-98C6-B3D58DE361E8}.Release Beta|Any CPU.Build.0 = Release|Any CPU
		{42416D68-6961-4AFF-98C6-B3D58DE361E8}.Release Beta|Mixed Platforms.ActiveCfg = Release|Any CPU
		{42416D68-6961-4AFF-98C6-B3D58DE361E8}.Release Beta|Mixed Platforms.Build.0 = Release|Any CPU
		{42416D68-6961-4AFF-98C6-B3D58DE361E8}.Release Beta|x64.ActiveCfg = Release|Any CPU
		{42416D68-6961-4AFF-98C6-B3D58DE361E8}.Release Beta|x86.ActiveCfg = Release|Any CPU
		{42416D68-6961-4AFF-98C6-B3D58DE361E8}.Release|Any CPU.ActiveCfg = Release|Any CPU
		{42416D68-6961-4AFF-98C6-B3D58DE361E8}.Release|Any CPU.Build.0 = Release|Any CPU
		{42416D68-6961-4AFF-98C6-B3D58DE361E8}.Release|Mixed Platforms.ActiveCfg = Release|Any CPU
		{42416D68-6961-4AFF-98C6-B3D58DE361E8}.Release|Mixed Platforms.Build.0 = Release|Any CPU
		{42416D68-6961-4AFF-98C6-B3D58DE361E8}.Release|x64.ActiveCfg = Release|Any CPU
		{42416D68-6961-4AFF-98C6-B3D58DE361E8}.Release|x86.ActiveCfg = Release|Any CPU
	EndGlobalSection
	GlobalSection(SolutionProperties) = preSolution
		HideSolutionNode = FALSE
	EndGlobalSection
EndGlobal
